
Microsoft Visual Studio Solution File, Format Version 12.00
# Visual Studio 15
VisualStudioVersion = 15.0.28010.2016
MinimumVisualStudioVersion = 10.0.40219.1
Project("{FAE04EC0-301F-11D3-BF4B-00C04F79EFBC}") = "name-sorter.UI.Console", "name-sorter\name-sorter.UI.Console.csproj", "{CCCA79E3-29CB-41ED-87FD-C01D49891065}"
EndProject
Project("{FAE04EC0-301F-11D3-BF4B-00C04F79EFBC}") = "name-sorter.Library", "nme-sorterLibrary\name-sorter.Library.csproj", "{B98D4CCF-CA95-4E42-8448-9ADDF911F52E}"
EndProject
Global
	GlobalSection(SolutionConfigurationPlatforms) = preSolution
		Debug|Any CPU = Debug|Any CPU
		Release|Any CPU = Release|Any CPU
	EndGlobalSection
	GlobalSection(ProjectConfigurationPlatforms) = postSolution
		{CCCA79E3-29CB-41ED-87FD-C01D49891065}.Debug|Any CPU.ActiveCfg = Debug|Any CPU
		{CCCA79E3-29CB-41ED-87FD-C01D49891065}.Debug|Any CPU.Build.0 = Debug|Any CPU
		{CCCA79E3-29CB-41ED-87FD-C01D49891065}.Release|Any CPU.ActiveCfg = Release|Any CPU
		{CCCA79E3-29CB-41ED-87FD-C01D49891065}.Release|Any CPU.Build.0 = Release|Any CPU
		{B98D4CCF-CA95-4E42-8448-9ADDF911F52E}.Debug|Any CPU.ActiveCfg = Debug|Any CPU
		{B98D4CCF-CA95-4E42-8448-9ADDF911F52E}.Debug|Any CPU.Build.0 = Debug|Any CPU
		{B98D4CCF-CA95-4E42-8448-9ADDF911F52E}.Release|Any CPU.ActiveCfg = Release|Any CPU
		{B98D4CCF-CA95-4E42-8448-9ADDF911F52E}.Release|Any CPU.Build.0 = Release|Any CPU
	EndGlobalSection
	GlobalSection(SolutionProperties) = preSolution
		HideSolutionNode = FALSE
	EndGlobalSection
	GlobalSection(ExtensibilityGlobals) = postSolution
		SolutionGuid = {9C66144A-D7EF-47D5-B7AF-47464F50BF0D}
	EndGlobalSection
EndGlobal
